schema: '2.0'
stages:
  train_regression:
    cmd: kedro run --pipeline regresion
    deps:
    - path: conf/base/catalog.yml
      hash: md5
      md5: 1e893f4c0f8de786553137a3d1259210
      size: 2197
    - path: data/01_raw
      hash: md5
      md5: 10527a9c9e898c6b062b9bf3a3d0d242.dir
      size: 77971900
      nfiles: 12
    - path: data/03_intermediate
      hash: md5
      md5: d04923e7750ce32069847ed4a2e7734e.dir
      size: 72961144
      nfiles: 3
    - path: src/covid19df/pipelines/regresion/nodes.py
      hash: md5
      md5: 9ca21559ac75bf6ab6acfd0697404390
      size: 6173
    outs:
    - path: data/05_train/regression_comparison.csv
      hash: md5
      md5: f0a4bf2324b207baee85b5101b3c93da
      size: 772
    - path: data/05_train/regression_comparison.png
      hash: md5
      md5: 6954cb7e19141b6736d575697cc7a958
      size: 74806
  train_classification:
    cmd: kedro run --pipeline clasificacion
    deps:
    - path: conf/base/catalog.yml
      hash: md5
      md5: 1e893f4c0f8de786553137a3d1259210
      size: 2197
    - path: data/01_raw
      hash: md5
      md5: 10527a9c9e898c6b062b9bf3a3d0d242.dir
      size: 77971900
      nfiles: 12
    - path: data/03_intermediate
      hash: md5
      md5: d04923e7750ce32069847ed4a2e7734e.dir
      size: 72961144
      nfiles: 3
    - path: src/covid19df/pipelines/clasificacion/nodes.py
      hash: md5
      md5: bce5d18a885c9a35943dae3d158fd8e2
      size: 8104
    outs:
    - path: data/05_train/classification_comparison.csv
      hash: md5
      md5: da9bd2bb40541a2967845c8e0e2abee1
      size: 725
    - path: data/05_train/classification_comparison.png
      hash: md5
      md5: 2347f3249b7d59c94e2c1c1c8830a4f7
      size: 86616
  kmeans_run:
    cmd: kedro run --pipeline kmeans
    deps:
    - path: conf/base/catalog.yml
      hash: md5
      md5: 30ea66debd8bf52c847f4dd92e553751
      size: 4957
    - path: conf/base/parameters.yml
      hash: md5
      md5: 68ae8910b3ccb57c1762d80b42110d3d
      size: 1052
    - path: data/03_intermediate/covid_19_clean_complete_CLEAN.csv
      hash: md5
      md5: db15f2d5db9601a77942601e3f5f54e6
      size: 3502790
    - path: src/covid19df/pipelines/kmeans/nodes.py
      hash: md5
      md5: 779acafc25503b9f539a7e30a5015686
      size: 4781
    - path: src/covid19df/pipelines/kmeans/pipeline.py
      hash: md5
      md5: ea8eacdffdfff468af8564f175941906
      size: 827
    outs:
    - path: data/03_intermediate/X_features_kmeans.csv
      hash: md5
      md5: 7e8eda1fe9b4a22a75942dbd33816251
      size: 1590033
    - path: data/05_train/kmeans_elbow.png
      hash: md5
      md5: 37568b71b2078a359afece68e91650f4
      size: 29773
    - path: data/05_train/kmeans_labels.csv
      hash: md5
      md5: a679d8b47d45c87fea15bdc2ad1c58d4
      size: 1527379
    - path: data/05_train/kmeans_metrics.csv
      hash: md5
      md5: 4288acd6250bb86f879ae514192283bc
      size: 105
    - path: data/05_train/kmeans_plot.png
      hash: md5
      md5: 71e96df2f74b3ed862734ffa231ca9f6
      size: 73082
